<?xml version="1.0" encoding="utf-8"?>
<Project ToolsVersion="4.0" xmlns="http://schemas.microsoft.com/developer/msbuild/2003">
  <ItemGroup>
    <Filter Include="Shaders">
      <UniqueIdentifier>{64b8e6a0-a5a1-4bc2-b14a-ba425bc341e6}</UniqueIdentifier>
    </Filter>
    <Filter Include="Source Files">
      <UniqueIdentifier>{77fbe15c-5117-4577-9345-2b49677bbe5a}</UniqueIdentifier>
    </Filter>
    <Filter Include="Shaders\D3D12">
      <UniqueIdentifier>{c58154f7-044a-48b2-8794-d9f962c5fd98}</UniqueIdentifier>
    </Filter>
    <Filter Include="Shaders\Vulkan">
      <UniqueIdentifier>{55583728-6408-4426-abb9-37beda2155bb}</UniqueIdentifier>
    </Filter>
    <Filter Include="Header Files">
      <UniqueIdentifier>{2379ccb3-741b-4200-9956-ac5f06323012}</UniqueIdentifier>
    </Filter>
    <Filter Include="Header Files\Scene Graph">
      <UniqueIdentifier>{4aea9bad-4a7a-48f1-a504-52cd4b8b82f7}</UniqueIdentifier>
    </Filter>
    <Filter Include="Source Files\Scene Graph">
      <UniqueIdentifier>{84402ea3-422b-492a-b563-15941573e561}</UniqueIdentifier>
    </Filter>
    <Filter Include="Header Files\Game Objects">
      <UniqueIdentifier>{bd92a582-7078-4fb6-ae9a-de5ebb7051f2}</UniqueIdentifier>
    </Filter>
    <Filter Include="Source Files\Game Objects">
      <UniqueIdentifier>{eb113d92-a420-43cf-b4cd-d73bc16c7a9a}</UniqueIdentifier>
    </Filter>
    <Filter Include="Header Files\Networking">
      <UniqueIdentifier>{0105a183-08b2-4441-b134-20bf3bb5bc42}</UniqueIdentifier>
    </Filter>
    <Filter Include="Header Files\Asset Loading">
      <UniqueIdentifier>{b280c579-d225-446e-a27f-bc3cf3b71e0b}</UniqueIdentifier>
    </Filter>
    <Filter Include="Source Files\Networking">
      <UniqueIdentifier>{b50b7abf-a91f-4380-a87f-17a1af46aa6a}</UniqueIdentifier>
    </Filter>
    <Filter Include="Source Files\Asset Loading">
      <UniqueIdentifier>{76e39935-a8f5-4a49-a079-94efaaae9bf0}</UniqueIdentifier>
    </Filter>
    <Filter Include="Header Files\Server Files">
      <UniqueIdentifier>{6a9dd15e-4f99-4ed4-b959-8f1323573794}</UniqueIdentifier>
    </Filter>
    <Filter Include="Source Files\Server Files">
      <UniqueIdentifier>{97065513-a192-42ab-90c4-6b751f2824f7}</UniqueIdentifier>
    </Filter>
  </ItemGroup>
  <ItemGroup>
    <ClCompile Include="..\..\..\..\src\Application.cpp">
      <Filter>Source Files</Filter>
    </ClCompile>
    <ClCompile Include="..\..\..\..\src\Input.cpp">
      <Filter>Source Files</Filter>
    </ClCompile>
    <ClCompile Include="..\..\..\..\src\GLTFGeode.cpp">
      <Filter>Source Files\Scene Graph</Filter>
    </ClCompile>
    <ClCompile Include="..\..\..\..\src\Geode.cpp">
      <Filter>Source Files\Scene Graph</Filter>
    </ClCompile>
    <ClCompile Include="..\..\..\..\src\Transform.cpp">
      <Filter>Source Files\Scene Graph</Filter>
    </ClCompile>
    <ClCompile Include="..\..\..\..\..\common\player.cpp">
      <Filter>Source Files\Game Objects</Filter>
    </ClCompile>
    <ClCompile Include="..\..\..\..\..\common\GameObject.cpp">
      <Filter>Source Files\Game Objects</Filter>
    </ClCompile>
    <ClCompile Include="..\..\..\..\src\SceneManager_Client.cpp">
      <Filter>Source Files\Scene Graph</Filter>
    </ClCompile>
    <ClCompile Include="..\..\..\..\..\common\base.cpp">
      <Filter>Source Files\Game Objects</Filter>
    </ClCompile>
    <ClCompile Include="..\..\..\..\..\common\minion.cpp">
      <Filter>Source Files\Game Objects</Filter>
    </ClCompile>
    <ClCompile Include="..\..\..\..\..\common\team.cpp">
      <Filter>Source Files\Game Objects</Filter>
    </ClCompile>
    <ClCompile Include="..\..\..\..\..\common\tower.cpp">
      <Filter>Source Files\Game Objects</Filter>
    </ClCompile>
    <ClCompile Include="..\..\..\..\src\Client.cpp">
      <Filter>Source Files\Networking</Filter>
    </ClCompile>
    <ClCompile Include="..\..\..\..\src\OzzObject.cpp">
      <Filter>Source Files\Asset Loading</Filter>
    </ClCompile>
    <ClCompile Include="..\..\..\..\src\GLTFObject.cpp">
      <Filter>Source Files\Asset Loading</Filter>
    </ClCompile>
    <ClCompile Include="..\..\..\..\src\OzzGeode.cpp">
      <Filter>Source Files\Scene Graph</Filter>
    </ClCompile>
    <ClCompile Include="..\..\..\..\src\Animator.cpp">
      <Filter>Source Files\Scene Graph</Filter>
    </ClCompile>
    <ClCompile Include="..\..\..\..\src\UIManager.cpp">
      <Filter>Source Files\Asset Loading</Filter>
    </ClCompile>
    <ClCompile Include="..\..\..\..\..\common\clawtower.cpp">
      <Filter>Source Files\Game Objects</Filter>
    </ClCompile>
    <ClCompile Include="..\..\..\..\..\common\resource.cpp">
      <Filter>Source Files\Game Objects</Filter>
    </ClCompile>
    <ClCompile Include="..\..\..\..\..\common\lasertower.cpp">
      <Filter>Source Files\Game Objects</Filter>
    </ClCompile>
    <ClCompile Include="..\..\..\..\..\common\superminion.cpp">
      <Filter>Source Files\Game Objects</Filter>
    </ClCompile>
    <ClCompile Include="..\..\..\..\..\server\SceneManager_Server.cpp">
      <Filter>Source Files\Server Files</Filter>
    </ClCompile>
    <ClCompile Include="..\..\..\..\..\common\ObjectDetection.cpp">
      <Filter>Source Files\Server Files</Filter>
    </ClCompile>
    <ClCompile Include="..\..\..\..\..\common\pathNode.cpp">
      <Filter>Source Files\Server Files</Filter>
    </ClCompile>
    <ClCompile Include="..\..\..\..\..\common\buildNode.cpp">
      <Filter>Source Files\Server Files</Filter>
    </ClCompile>
    <ClCompile Include="..\..\..\..\..\common\wallNode.cpp">
      <Filter>Source Files\Server Files</Filter>
    </ClCompile>
  </ItemGroup>
  <ItemGroup>
    <None Include="..\..\..\..\src\Shaders\D3D12\basic.frag">
      <Filter>Shaders\D3D12</Filter>
    </None>
    <None Include="..\..\..\..\src\Shaders\D3D12\basic.vert">
      <Filter>Shaders\D3D12</Filter>
    </None>
    <None Include="..\..\..\..\src\Shaders\D3D12\FXAA.frag">
      <Filter>Shaders\D3D12</Filter>
    </None>
    <None Include="..\..\..\..\src\Shaders\D3D12\profile.frag">
      <Filter>Shaders\D3D12</Filter>
    </None>
    <None Include="..\..\..\..\src\Shaders\D3D12\profile.vert">
      <Filter>Shaders\D3D12</Filter>
    </None>
    <None Include="..\..\..\..\src\Shaders\D3D12\Triangular.vert">
      <Filter>Shaders\D3D12</Filter>
    </None>
    <None Include="..\..\..\..\src\Shaders\D3D12\vignette.frag">
      <Filter>Shaders\D3D12</Filter>
    </None>
    <None Include="..\..\..\..\src\Shaders\D3D12\watermark.frag">
      <Filter>Shaders\D3D12</Filter>
    </None>
    <None Include="..\..\..\..\src\Shaders\D3D12\watermark.vert">
      <Filter>Shaders\D3D12</Filter>
    </None>
    <None Include="..\..\..\..\src\Shaders\Vulkan\basic.frag">
      <Filter>Shaders\Vulkan</Filter>
    </None>
    <None Include="..\..\..\..\src\Shaders\Vulkan\basic.vert">
      <Filter>Shaders\Vulkan</Filter>
    </None>
    <None Include="..\..\..\..\src\Shaders\Vulkan\basicMOBILE.frag">
      <Filter>Shaders\Vulkan</Filter>
    </None>
    <None Include="..\..\..\..\src\Shaders\Vulkan\floor.frag">
      <Filter>Shaders\Vulkan</Filter>
    </None>
    <None Include="..\..\..\..\src\Shaders\Vulkan\floor.vert">
      <Filter>Shaders\Vulkan</Filter>
    </None>
    <None Include="..\..\..\..\src\Shaders\Vulkan\floorMOBILE.frag">
      <Filter>Shaders\Vulkan</Filter>
    </None>
    <None Include="..\..\..\..\src\Shaders\Vulkan\FXAA.frag">
      <Filter>Shaders\Vulkan</Filter>
    </None>
    <None Include="..\..\..\..\src\Shaders\Vulkan\profile.frag">
      <Filter>Shaders\Vulkan</Filter>
    </None>
    <None Include="..\..\..\..\src\Shaders\Vulkan\profile.vert">
      <Filter>Shaders\Vulkan</Filter>
    </None>
    <None Include="..\..\..\..\src\Shaders\Vulkan\stdmacro_defs.inc">
      <Filter>Shaders\Vulkan</Filter>
    </None>
    <None Include="..\..\..\..\src\Shaders\Vulkan\Triangular.vert">
      <Filter>Shaders\Vulkan</Filter>
    </None>
    <None Include="..\..\..\..\src\Shaders\Vulkan\vignette.frag">
      <Filter>Shaders\Vulkan</Filter>
    </None>
    <None Include="..\..\..\..\src\Shaders\Vulkan\watermark.frag">
      <Filter>Shaders\Vulkan</Filter>
    </None>
    <None Include="..\..\..\..\src\Shaders\Vulkan\watermark.vert">
      <Filter>Shaders\Vulkan</Filter>
    </None>
    <None Include="..\..\..\..\src\Shaders\Vulkan\zPass.vert">
      <Filter>Shaders\Vulkan</Filter>
    </None>
    <None Include="..\..\..\..\src\Shaders\Vulkan\zPassFloor.vert">
      <Filter>Shaders\Vulkan</Filter>
    </None>
    <None Include="..\..\..\..\src\Shaders\D3D12\skinning.frag">
      <Filter>Shaders\D3D12</Filter>
    </None>
    <None Include="..\..\..\..\src\Shaders\D3D12\skinning.vert">
      <Filter>Shaders\D3D12</Filter>
    </None>
  </ItemGroup>
  <ItemGroup>
    <ClInclude Include="..\..\..\..\src\Object.h">
      <Filter>Header Files</Filter>
    </ClInclude>
    <ClInclude Include="..\..\..\..\src\Application.h">
      <Filter>Header Files</Filter>
    </ClInclude>
    <ClInclude Include="..\..\..\..\src\Input.h">
      <Filter>Header Files</Filter>
    </ClInclude>
    <ClInclude Include="..\..\..\..\src\Geode.h">
      <Filter>Header Files\Scene Graph</Filter>
    </ClInclude>
    <ClInclude Include="..\..\..\..\src\Node.h">
      <Filter>Header Files\Scene Graph</Filter>
    </ClInclude>
    <ClInclude Include="..\..\..\..\src\Transform.h">
      <Filter>Header Files\Scene Graph</Filter>
    </ClInclude>
    <ClInclude Include="..\..\..\..\src\GLTFGeode.h">
      <Filter>Header Files\Scene Graph</Filter>
    </ClInclude>
    <ClInclude Include="..\..\..\..\..\common\base.h">
      <Filter>Header Files\Game Objects</Filter>
    </ClInclude>
    <ClInclude Include="..\..\..\..\..\common\entity.h">
      <Filter>Header Files\Game Objects</Filter>
    </ClInclude>
    <ClInclude Include="..\..\..\..\..\common\player.h">
      <Filter>Header Files\Game Objects</Filter>
    </ClInclude>
    <ClInclude Include="..\..\..\..\..\common\team.h">
      <Filter>Header Files\Game Objects</Filter>
    </ClInclude>
    <ClInclude Include="..\..\..\..\..\common\tower.h">
      <Filter>Header Files\Game Objects</Filter>
    </ClInclude>
    <ClInclude Include="..\..\..\..\..\common\GameObject.h">
      <Filter>Header Files\Game Objects</Filter>
    </ClInclude>
    <ClInclude Include="..\..\..\..\..\common\client2server.h">
      <Filter>Header Files</Filter>
    </ClInclude>
    <ClInclude Include="..\..\..\..\src\SceneManager_Client.h">
      <Filter>Header Files\Scene Graph</Filter>
    </ClInclude>
    <ClInclude Include="..\..\..\..\..\common\minion.h">
      <Filter>Header Files\Game Objects</Filter>
    </ClInclude>
    <ClInclude Include="..\..\..\..\..\common\macros.h">
      <Filter>Header Files\Networking</Filter>
    </ClInclude>
    <ClInclude Include="..\..\..\..\..\common\client2server.h">
      <Filter>Header Files\Networking</Filter>
    </ClInclude>
    <ClInclude Include="..\..\..\..\src\Client.h">
      <Filter>Header Files\Networking</Filter>
    </ClInclude>
    <ClInclude Include="..\..\..\..\src\GLTFObject.h">
      <Filter>Header Files\Asset Loading</Filter>
    </ClInclude>
    <ClInclude Include="..\..\..\Common_3\ThirdParty\OpenSource\cgltf\cgltf.h">
      <Filter>Header Files\Asset Loading</Filter>
    </ClInclude>
    <ClInclude Include="..\..\..\..\src\OzzObject.h">
      <Filter>Header Files\Asset Loading</Filter>
    </ClInclude>
    <ClInclude Include="..\..\..\..\src\OzzGeode.h">
      <Filter>Header Files\Scene Graph</Filter>
    </ClInclude>
    <ClInclude Include="..\..\..\..\src\Animator.h">
      <Filter>Header Files\Scene Graph</Filter>
    </ClInclude>
    <ClInclude Include="..\..\..\..\src\UIManager.h">
      <Filter>Header Files\Asset Loading</Filter>
    </ClInclude>
    <ClInclude Include="..\..\..\..\..\common\clawtower.h">
      <Filter>Header Files\Game Objects</Filter>
    </ClInclude>
    <ClInclude Include="..\..\..\..\..\common\resource.h">
      <Filter>Header Files\Game Objects</Filter>
    </ClInclude>
    <ClInclude Include="..\..\..\..\..\common\lasertower.h">
      <Filter>Header Files\Game Objects</Filter>
    </ClInclude>
    <ClInclude Include="..\..\..\..\..\common\superminion.h">
      <Filter>Header Files\Game Objects</Filter>
    </ClInclude>
    <ClInclude Include="..\..\..\..\..\common\ObjectDetection.h">
      <Filter>Header Files\Server Files</Filter>
    </ClInclude>
    <ClInclude Include="..\..\..\..\..\server\SceneManager_Server.h">
      <Filter>Header Files\Server Files</Filter>
    </ClInclude>
    <ClInclude Include="..\..\..\..\..\common\pathNode.h">
      <Filter>Header Files\Server Files</Filter>
    </ClInclude>
    <ClInclude Include="..\..\..\..\..\common\buildNode.h">
      <Filter>Header Files\Server Files</Filter>
    </ClInclude>
    <ClInclude Include="..\..\..\..\..\common\wallNode.h">
      <Filter>Header Files\Server Files</Filter>
    </ClInclude>
  </ItemGroup>
</Project>