<?xml version="1.0" encoding="utf-8"?>
<Project ToolsVersion="4.0" xmlns="http://schemas.microsoft.com/developer/msbuild/2003">
  <ItemGroup>
    <Filter Include="Shaders">
      <UniqueIdentifier>{64b8e6a0-a5a1-4bc2-b14a-ba425bc341e6}</UniqueIdentifier>
    </Filter>
    <Filter Include="Source Files">
      <UniqueIdentifier>{77fbe15c-5117-4577-9345-2b49677bbe5a}</UniqueIdentifier>
    </Filter>
    <Filter Include="Shaders\D3D12">
      <UniqueIdentifier>{c58154f7-044a-48b2-8794-d9f962c5fd98}</UniqueIdentifier>
    </Filter>
    <Filter Include="Shaders\Vulkan">
      <UniqueIdentifier>{55583728-6408-4426-abb9-37beda2155bb}</UniqueIdentifier>
    </Filter>
    <Filter Include="Header Files">
      <UniqueIdentifier>{2379ccb3-741b-4200-9956-ac5f06323012}</UniqueIdentifier>
    </Filter>
    <Filter Include="Header Files\Scene Graph">
      <UniqueIdentifier>{4aea9bad-4a7a-48f1-a504-52cd4b8b82f7}</UniqueIdentifier>
    </Filter>
    <Filter Include="Source Files\Scene Graph">
      <UniqueIdentifier>{84402ea3-422b-492a-b563-15941573e561}</UniqueIdentifier>
    </Filter>
    <Filter Include="Header Files\Game Objects">
      <UniqueIdentifier>{bd92a582-7078-4fb6-ae9a-de5ebb7051f2}</UniqueIdentifier>
    </Filter>
    <Filter Include="Source Files\Game Objects">
      <UniqueIdentifier>{eb113d92-a420-43cf-b4cd-d73bc16c7a9a}</UniqueIdentifier>
    </Filter>
    <Filter Include="Header Files\Networking">
      <UniqueIdentifier>{0105a183-08b2-4441-b134-20bf3bb5bc42}</UniqueIdentifier>
    </Filter>
    <Filter Include="Source Files\Networking">
      <UniqueIdentifier>{b50b7abf-a91f-4380-a87f-17a1af46aa6a}</UniqueIdentifier>
    </Filter>
    <Filter Include="Header Files\Render Objects">
      <UniqueIdentifier>{b280c579-d225-446e-a27f-bc3cf3b71e0b}</UniqueIdentifier>
    </Filter>
    <Filter Include="Source Files\Render Objects">
      <UniqueIdentifier>{76e39935-a8f5-4a49-a079-94efaaae9bf0}</UniqueIdentifier>
    </Filter>
    <Filter Include="Header Files\Server Files">
      <UniqueIdentifier>{6a9dd15e-4f99-4ed4-b959-8f1323573794}</UniqueIdentifier>
    </Filter>
    <Filter Include="Source Files\Server Files">
      <UniqueIdentifier>{97065513-a192-42ab-90c4-6b751f2824f7}</UniqueIdentifier>
    </Filter>
    <Filter Include="Header Files\Audio">
      <UniqueIdentifier>{db50fe0e-95c1-4d9c-878a-1fc3a1e944b2}</UniqueIdentifier>
    </Filter>
  </ItemGroup>
  <ItemGroup>
    <ClCompile Include="..\..\..\..\src\Application.cpp">
      <Filter>Source Files</Filter>
    </ClCompile>
    <ClCompile Include="..\..\..\..\src\Input.cpp">
      <Filter>Source Files</Filter>
    </ClCompile>
    <ClCompile Include="..\..\..\..\src\GLTFGeode.cpp">
      <Filter>Source Files\Scene Graph</Filter>
    </ClCompile>
    <ClCompile Include="..\..\..\..\src\Geode.cpp">
      <Filter>Source Files\Scene Graph</Filter>
    </ClCompile>
    <ClCompile Include="..\..\..\..\src\Transform.cpp">
      <Filter>Source Files\Scene Graph</Filter>
    </ClCompile>
    <ClCompile Include="..\..\..\..\..\common\player.cpp">
      <Filter>Source Files\Game Objects</Filter>
    </ClCompile>
    <ClCompile Include="..\..\..\..\..\common\GameObject.cpp">
      <Filter>Source Files\Game Objects</Filter>
    </ClCompile>
    <ClCompile Include="..\..\..\..\src\SceneManager_Client.cpp">
      <Filter>Source Files\Scene Graph</Filter>
    </ClCompile>
    <ClCompile Include="..\..\..\..\..\common\base.cpp">
      <Filter>Source Files\Game Objects</Filter>
    </ClCompile>
    <ClCompile Include="..\..\..\..\..\common\minion.cpp">
      <Filter>Source Files\Game Objects</Filter>
    </ClCompile>
    <ClCompile Include="..\..\..\..\..\common\team.cpp">
      <Filter>Source Files\Game Objects</Filter>
    </ClCompile>
    <ClCompile Include="..\..\..\..\..\common\tower.cpp">
      <Filter>Source Files\Game Objects</Filter>
    </ClCompile>
    <ClCompile Include="..\..\..\..\src\Client.cpp">
      <Filter>Source Files\Networking</Filter>
    </ClCompile>
    <ClCompile Include="..\..\..\..\src\OzzObject.cpp">
      <Filter>Source Files\Render Objects</Filter>
    </ClCompile>
    <ClCompile Include="..\..\..\..\src\GLTFObject.cpp">
      <Filter>Source Files\Render Objects</Filter>
    </ClCompile>
    <ClCompile Include="..\..\..\..\src\OzzGeode.cpp">
      <Filter>Source Files\Scene Graph</Filter>
    </ClCompile>
    <ClCompile Include="..\..\..\..\src\Animator.cpp">
      <Filter>Source Files\Scene Graph</Filter>
    </ClCompile>
    <ClCompile Include="..\..\..\..\..\common\clawtower.cpp">
      <Filter>Source Files\Game Objects</Filter>
    </ClCompile>
    <ClCompile Include="..\..\..\..\..\common\resource.cpp">
      <Filter>Source Files\Game Objects</Filter>
    </ClCompile>
    <ClCompile Include="..\..\..\..\src\ParticleSystemGeode.cpp">
      <Filter>Source Files\Scene Graph</Filter>
    </ClCompile>
    <ClCompile Include="..\..\..\..\src\ParticleSystem.cpp">
      <Filter>Source Files\Render Objects</Filter>
    </ClCompile>
    <ClCompile Include="..\..\..\..\src\UIUtils.cpp">
      <Filter>Source Files</Filter>
    </ClCompile>
    <ClCompile Include="..\..\..\..\..\common\lasertower.cpp">
      <Filter>Source Files\Game Objects</Filter>
    </ClCompile>
    <ClCompile Include="..\..\..\..\..\common\superminion.cpp">
      <Filter>Source Files\Game Objects</Filter>
    </ClCompile>
    <ClCompile Include="..\..\..\..\..\server\SceneManager_Server.cpp">
      <Filter>Source Files\Server Files</Filter>
    </ClCompile>
    <ClCompile Include="..\..\..\..\..\common\ObjectDetection.cpp">
      <Filter>Source Files\Server Files</Filter>
    </ClCompile>
    <ClCompile Include="..\..\..\..\..\common\pathNode.cpp">
      <Filter>Source Files\Server Files</Filter>
    </ClCompile>
    <ClCompile Include="..\..\..\..\..\common\buildNode.cpp">
      <Filter>Source Files\Server Files</Filter>
    </ClCompile>
    <ClCompile Include="..\..\..\..\..\common\wallNode.cpp">
      <Filter>Source Files\Server Files</Filter>
    </ClCompile>
    <ClCompile Include="..\..\..\..\..\common\minion_client.cpp">
      <Filter>Source Files\Game Objects</Filter>
    </ClCompile>
    <ClCompile Include="..\..\..\..\..\common\lasertower_client.cpp">
      <Filter>Source Files\Game Objects</Filter>
    </ClCompile>
    <ClCompile Include="..\..\..\..\src\TimedTransform.cpp">
      <Filter>Source Files\Scene Graph</Filter>
    </ClCompile>
    <ClCompile Include="..\..\..\..\..\common\MathUtils.cpp">
      <Filter>Source Files</Filter>
    </ClCompile>
    <ClCompile Include="..\..\..\..\..\common\player_client.cpp">
      <Filter>Source Files\Game Objects</Filter>
    </ClCompile>
    <ClCompile Include="..\..\..\..\src\AudioManager.cpp">
      <Filter>Source Files</Filter>
    </ClCompile>
    <ClCompile Include="..\..\..\Common_3\ThirdParty\OpenSource\soloud20181119\src\audiosource\speech\darray.cpp">
      <Filter>Header Files\Audio</Filter>
    </ClCompile>
    <ClCompile Include="..\..\..\Common_3\ThirdParty\OpenSource\soloud20181119\src\audiosource\wav\dr_impl.cpp">
      <Filter>Header Files\Audio</Filter>
    </ClCompile>
    <ClCompile Include="..\..\..\Common_3\ThirdParty\OpenSource\soloud20181119\src\audiosource\speech\klatt.cpp">
      <Filter>Header Files\Audio</Filter>
    </ClCompile>
    <ClCompile Include="..\..\..\Common_3\ThirdParty\OpenSource\soloud20181119\src\audiosource\speech\resonator.cpp">
      <Filter>Header Files\Audio</Filter>
    </ClCompile>
    <ClCompile Include="..\..\..\Common_3\ThirdParty\OpenSource\soloud20181119\src\audiosource\tedsid\sid.cpp">
      <Filter>Header Files\Audio</Filter>
    </ClCompile>
    <ClCompile Include="..\..\..\Common_3\ThirdParty\OpenSource\soloud20181119\src\core\soloud.cpp">
      <Filter>Header Files\Audio</Filter>
    </ClCompile>
    <ClCompile Include="..\..\..\Common_3\ThirdParty\OpenSource\soloud20181119\src\core\soloud_audiosource.cpp">
      <Filter>Header Files\Audio</Filter>
    </ClCompile>
    <ClCompile Include="..\..\..\Common_3\ThirdParty\OpenSource\soloud20181119\src\filter\soloud_bassboostfilter.cpp">
      <Filter>Header Files\Audio</Filter>
    </ClCompile>
    <ClCompile Include="..\..\..\Common_3\ThirdParty\OpenSource\soloud20181119\src\filter\soloud_biquadresonantfilter.cpp">
      <Filter>Header Files\Audio</Filter>
    </ClCompile>
    <ClCompile Include="..\..\..\Common_3\ThirdParty\OpenSource\soloud20181119\src\core\soloud_bus.cpp">
      <Filter>Header Files\Audio</Filter>
    </ClCompile>
    <ClCompile Include="..\..\..\Common_3\ThirdParty\OpenSource\soloud20181119\src\core\soloud_core_3d.cpp">
      <Filter>Header Files\Audio</Filter>
    </ClCompile>
    <ClCompile Include="..\..\..\Common_3\ThirdParty\OpenSource\soloud20181119\src\core\soloud_core_basicops.cpp">
      <Filter>Header Files\Audio</Filter>
    </ClCompile>
    <ClCompile Include="..\..\..\Common_3\ThirdParty\OpenSource\soloud20181119\src\core\soloud_core_faderops.cpp">
      <Filter>Header Files\Audio</Filter>
    </ClCompile>
    <ClCompile Include="..\..\..\Common_3\ThirdParty\OpenSource\soloud20181119\src\core\soloud_core_filterops.cpp">
      <Filter>Header Files\Audio</Filter>
    </ClCompile>
    <ClCompile Include="..\..\..\Common_3\ThirdParty\OpenSource\soloud20181119\src\core\soloud_core_getters.cpp">
      <Filter>Header Files\Audio</Filter>
    </ClCompile>
    <ClCompile Include="..\..\..\Common_3\ThirdParty\OpenSource\soloud20181119\src\core\soloud_core_setters.cpp">
      <Filter>Header Files\Audio</Filter>
    </ClCompile>
    <ClCompile Include="..\..\..\Common_3\ThirdParty\OpenSource\soloud20181119\src\core\soloud_core_voicegroup.cpp">
      <Filter>Header Files\Audio</Filter>
    </ClCompile>
    <ClCompile Include="..\..\..\Common_3\ThirdParty\OpenSource\soloud20181119\src\core\soloud_core_voiceops.cpp">
      <Filter>Header Files\Audio</Filter>
    </ClCompile>
    <ClCompile Include="..\..\..\Common_3\ThirdParty\OpenSource\soloud20181119\src\filter\soloud_dcremovalfilter.cpp">
      <Filter>Header Files\Audio</Filter>
    </ClCompile>
    <ClCompile Include="..\..\..\Common_3\ThirdParty\OpenSource\soloud20181119\src\filter\soloud_echofilter.cpp">
      <Filter>Header Files\Audio</Filter>
    </ClCompile>
    <ClCompile Include="..\..\..\Common_3\ThirdParty\OpenSource\soloud20181119\src\core\soloud_fader.cpp">
      <Filter>Header Files\Audio</Filter>
    </ClCompile>
    <ClCompile Include="..\..\..\Common_3\ThirdParty\OpenSource\soloud20181119\src\core\soloud_fft.cpp">
      <Filter>Header Files\Audio</Filter>
    </ClCompile>
    <ClCompile Include="..\..\..\Common_3\ThirdParty\OpenSource\soloud20181119\src\core\soloud_fft_lut.cpp">
      <Filter>Header Files\Audio</Filter>
    </ClCompile>
    <ClCompile Include="..\..\..\Common_3\ThirdParty\OpenSource\soloud20181119\src\filter\soloud_fftfilter.cpp">
      <Filter>Header Files\Audio</Filter>
    </ClCompile>
    <ClCompile Include="..\..\..\Common_3\ThirdParty\OpenSource\soloud20181119\src\core\soloud_file.cpp">
      <Filter>Header Files\Audio</Filter>
    </ClCompile>
    <ClCompile Include="..\..\..\Common_3\ThirdParty\OpenSource\soloud20181119\src\core\soloud_filter.cpp">
      <Filter>Header Files\Audio</Filter>
    </ClCompile>
    <ClCompile Include="..\..\..\Common_3\ThirdParty\OpenSource\soloud20181119\src\filter\soloud_flangerfilter.cpp">
      <Filter>Header Files\Audio</Filter>
    </ClCompile>
    <ClCompile Include="..\..\..\Common_3\ThirdParty\OpenSource\soloud20181119\src\filter\soloud_lofifilter.cpp">
      <Filter>Header Files\Audio</Filter>
    </ClCompile>
    <ClCompile Include="..\..\..\Common_3\ThirdParty\OpenSource\soloud20181119\src\audiosource\monotone\soloud_monotone.cpp">
      <Filter>Header Files\Audio</Filter>
    </ClCompile>
    <ClCompile Include="..\..\..\Common_3\ThirdParty\OpenSource\soloud20181119\src\audiosource\openmpt\soloud_openmpt.cpp">
      <Filter>Header Files\Audio</Filter>
    </ClCompile>
    <ClCompile Include="..\..\..\Common_3\ThirdParty\OpenSource\soloud20181119\src\audiosource\openmpt\soloud_openmpt_dll.c">
      <Filter>Header Files\Audio</Filter>
    </ClCompile>
    <ClCompile Include="..\..\..\Common_3\ThirdParty\OpenSource\soloud20181119\src\core\soloud_queue.cpp">
      <Filter>Header Files\Audio</Filter>
    </ClCompile>
    <ClCompile Include="..\..\..\Common_3\ThirdParty\OpenSource\soloud20181119\src\filter\soloud_robotizefilter.cpp">
      <Filter>Header Files\Audio</Filter>
    </ClCompile>
    <ClCompile Include="..\..\..\Common_3\ThirdParty\OpenSource\soloud20181119\src\audiosource\sfxr\soloud_sfxr.cpp">
      <Filter>Header Files\Audio</Filter>
    </ClCompile>
    <ClCompile Include="..\..\..\Common_3\ThirdParty\OpenSource\soloud20181119\src\audiosource\speech\soloud_speech.cpp">
      <Filter>Header Files\Audio</Filter>
    </ClCompile>
    <ClCompile Include="..\..\..\Common_3\ThirdParty\OpenSource\soloud20181119\src\audiosource\tedsid\soloud_tedsid.cpp">
      <Filter>Header Files\Audio</Filter>
    </ClCompile>
    <ClCompile Include="..\..\..\Common_3\ThirdParty\OpenSource\soloud20181119\src\core\soloud_thread.cpp">
      <Filter>Header Files\Audio</Filter>
    </ClCompile>
    <ClCompile Include="..\..\..\Common_3\ThirdParty\OpenSource\soloud20181119\src\audiosource\vic\soloud_vic.cpp">
      <Filter>Header Files\Audio</Filter>
    </ClCompile>
    <ClCompile Include="..\..\..\Common_3\ThirdParty\OpenSource\soloud20181119\src\audiosource\vizsn\soloud_vizsn.cpp">
      <Filter>Header Files\Audio</Filter>
    </ClCompile>
    <ClCompile Include="..\..\..\Common_3\ThirdParty\OpenSource\soloud20181119\src\audiosource\wav\soloud_wav.cpp">
      <Filter>Header Files\Audio</Filter>
    </ClCompile>
    <ClCompile Include="..\..\..\Common_3\ThirdParty\OpenSource\soloud20181119\src\filter\soloud_waveshaperfilter.cpp">
      <Filter>Header Files\Audio</Filter>
    </ClCompile>
    <ClCompile Include="..\..\..\Common_3\ThirdParty\OpenSource\soloud20181119\src\audiosource\wav\soloud_wavstream.cpp">
      <Filter>Header Files\Audio</Filter>
    </ClCompile>
    <ClCompile Include="..\..\..\Common_3\ThirdParty\OpenSource\soloud20181119\src\backend\winmm\soloud_winmm.cpp">
      <Filter>Header Files\Audio</Filter>
    </ClCompile>
    <ClCompile Include="..\..\..\Common_3\ThirdParty\OpenSource\soloud20181119\src\audiosource\wav\stb_vorbis.cpp">
      <Filter>Header Files\Audio</Filter>
    </ClCompile>
    <ClCompile Include="..\..\..\Common_3\ThirdParty\OpenSource\soloud20181119\src\audiosource\tedsid\ted.cpp">
      <Filter>Header Files\Audio</Filter>
    </ClCompile>
    <ClCompile Include="..\..\..\Common_3\ThirdParty\OpenSource\soloud20181119\src\audiosource\speech\tts.cpp">
      <Filter>Header Files\Audio</Filter>
    </ClCompile>
  </ItemGroup>
  <ItemGroup>
    <None Include="..\..\..\..\src\Shaders\D3D12\basic.frag">
      <Filter>Shaders\D3D12</Filter>
    </None>
    <None Include="..\..\..\..\src\Shaders\D3D12\basic.vert">
      <Filter>Shaders\D3D12</Filter>
    </None>
    <None Include="..\..\..\..\src\Shaders\D3D12\FXAA.frag">
      <Filter>Shaders\D3D12</Filter>
    </None>
    <None Include="..\..\..\..\src\Shaders\D3D12\profile.vert">
      <Filter>Shaders\D3D12</Filter>
    </None>
    <None Include="..\..\..\..\src\Shaders\D3D12\Triangular.vert">
      <Filter>Shaders\D3D12</Filter>
    </None>
    <None Include="..\..\..\..\src\Shaders\D3D12\vignette.frag">
      <Filter>Shaders\D3D12</Filter>
    </None>
    <None Include="..\..\..\..\src\Shaders\D3D12\watermark.frag">
      <Filter>Shaders\D3D12</Filter>
    </None>
    <None Include="..\..\..\..\src\Shaders\D3D12\watermark.vert">
      <Filter>Shaders\D3D12</Filter>
    </None>
    <None Include="..\..\..\..\src\Shaders\Vulkan\basic.frag">
      <Filter>Shaders\Vulkan</Filter>
    </None>
    <None Include="..\..\..\..\src\Shaders\Vulkan\basic.vert">
      <Filter>Shaders\Vulkan</Filter>
    </None>
    <None Include="..\..\..\..\src\Shaders\Vulkan\basicMOBILE.frag">
      <Filter>Shaders\Vulkan</Filter>
    </None>
    <None Include="..\..\..\..\src\Shaders\Vulkan\floor.frag">
      <Filter>Shaders\Vulkan</Filter>
    </None>
    <None Include="..\..\..\..\src\Shaders\Vulkan\floor.vert">
      <Filter>Shaders\Vulkan</Filter>
    </None>
    <None Include="..\..\..\..\src\Shaders\Vulkan\floorMOBILE.frag">
      <Filter>Shaders\Vulkan</Filter>
    </None>
    <None Include="..\..\..\..\src\Shaders\Vulkan\FXAA.frag">
      <Filter>Shaders\Vulkan</Filter>
    </None>
    <None Include="..\..\..\..\src\Shaders\Vulkan\profile.frag">
      <Filter>Shaders\Vulkan</Filter>
    </None>
    <None Include="..\..\..\..\src\Shaders\Vulkan\profile.vert">
      <Filter>Shaders\Vulkan</Filter>
    </None>
    <None Include="..\..\..\..\src\Shaders\Vulkan\stdmacro_defs.inc">
      <Filter>Shaders\Vulkan</Filter>
    </None>
    <None Include="..\..\..\..\src\Shaders\Vulkan\Triangular.vert">
      <Filter>Shaders\Vulkan</Filter>
    </None>
    <None Include="..\..\..\..\src\Shaders\Vulkan\vignette.frag">
      <Filter>Shaders\Vulkan</Filter>
    </None>
    <None Include="..\..\..\..\src\Shaders\Vulkan\watermark.frag">
      <Filter>Shaders\Vulkan</Filter>
    </None>
    <None Include="..\..\..\..\src\Shaders\Vulkan\watermark.vert">
      <Filter>Shaders\Vulkan</Filter>
    </None>
    <None Include="..\..\..\..\src\Shaders\Vulkan\zPass.vert">
      <Filter>Shaders\Vulkan</Filter>
    </None>
    <None Include="..\..\..\..\src\Shaders\Vulkan\zPassFloor.vert">
      <Filter>Shaders\Vulkan</Filter>
    </None>
    <None Include="..\..\..\..\src\Shaders\D3D12\skinning.frag">
      <Filter>Shaders\D3D12</Filter>
    </None>
    <None Include="..\..\..\..\src\Shaders\D3D12\skinning.vert">
      <Filter>Shaders\D3D12</Filter>
    </None>
    <None Include="..\..\..\..\src\Shaders\D3D12\particle.frag">
      <Filter>Shaders\D3D12</Filter>
    </None>
    <None Include="..\..\..\..\src\Shaders\D3D12\particle.vert">
      <Filter>Shaders\D3D12</Filter>
    </None>
    <None Include="..\..\..\..\src\Shaders\D3D12\profile.frag">
      <Filter>Shaders\D3D12</Filter>
    </None>
  </ItemGroup>
  <ItemGroup>
    <ClInclude Include="..\..\..\..\src\Object.h">
      <Filter>Header Files</Filter>
    </ClInclude>
    <ClInclude Include="..\..\..\..\src\Application.h">
      <Filter>Header Files</Filter>
    </ClInclude>
    <ClInclude Include="..\..\..\..\src\Input.h">
      <Filter>Header Files</Filter>
    </ClInclude>
    <ClInclude Include="..\..\..\..\src\Geode.h">
      <Filter>Header Files\Scene Graph</Filter>
    </ClInclude>
    <ClInclude Include="..\..\..\..\src\Node.h">
      <Filter>Header Files\Scene Graph</Filter>
    </ClInclude>
    <ClInclude Include="..\..\..\..\src\Transform.h">
      <Filter>Header Files\Scene Graph</Filter>
    </ClInclude>
    <ClInclude Include="..\..\..\..\src\GLTFGeode.h">
      <Filter>Header Files\Scene Graph</Filter>
    </ClInclude>
    <ClInclude Include="..\..\..\..\..\common\base.h">
      <Filter>Header Files\Game Objects</Filter>
    </ClInclude>
    <ClInclude Include="..\..\..\..\..\common\entity.h">
      <Filter>Header Files\Game Objects</Filter>
    </ClInclude>
    <ClInclude Include="..\..\..\..\..\common\player.h">
      <Filter>Header Files\Game Objects</Filter>
    </ClInclude>
    <ClInclude Include="..\..\..\..\..\common\team.h">
      <Filter>Header Files\Game Objects</Filter>
    </ClInclude>
    <ClInclude Include="..\..\..\..\..\common\tower.h">
      <Filter>Header Files\Game Objects</Filter>
    </ClInclude>
    <ClInclude Include="..\..\..\..\..\common\GameObject.h">
      <Filter>Header Files\Game Objects</Filter>
    </ClInclude>
    <ClInclude Include="..\..\..\..\..\common\client2server.h">
      <Filter>Header Files</Filter>
    </ClInclude>
    <ClInclude Include="..\..\..\..\src\SceneManager_Client.h">
      <Filter>Header Files\Scene Graph</Filter>
    </ClInclude>
    <ClInclude Include="..\..\..\..\..\common\minion.h">
      <Filter>Header Files\Game Objects</Filter>
    </ClInclude>
    <ClInclude Include="..\..\..\..\..\common\macros.h">
      <Filter>Header Files\Networking</Filter>
    </ClInclude>
    <ClInclude Include="..\..\..\..\..\common\client2server.h">
      <Filter>Header Files\Networking</Filter>
    </ClInclude>
    <ClInclude Include="..\..\..\..\src\Client.h">
      <Filter>Header Files\Networking</Filter>
    </ClInclude>
    <ClInclude Include="..\..\..\..\src\GLTFObject.h">
      <Filter>Header Files\Render Objects</Filter>
    </ClInclude>
    <ClInclude Include="..\..\..\Common_3\ThirdParty\OpenSource\cgltf\cgltf.h">
      <Filter>Header Files\Render Objects</Filter>
    </ClInclude>
    <ClInclude Include="..\..\..\..\src\OzzObject.h">
      <Filter>Header Files\Render Objects</Filter>
    </ClInclude>
    <ClInclude Include="..\..\..\..\src\OzzGeode.h">
      <Filter>Header Files\Scene Graph</Filter>
    </ClInclude>
    <ClInclude Include="..\..\..\..\src\Animator.h">
      <Filter>Header Files\Scene Graph</Filter>
    </ClInclude>
    <ClInclude Include="..\..\..\..\..\common\clawtower.h">
      <Filter>Header Files\Game Objects</Filter>
    </ClInclude>
    <ClInclude Include="..\..\..\..\..\common\resource.h">
      <Filter>Header Files\Game Objects</Filter>
    </ClInclude>
    <ClInclude Include="..\..\..\..\src\ParticleSystem.h">
      <Filter>Header Files\Render Objects</Filter>
    </ClInclude>
    <ClInclude Include="..\..\..\..\..\common\MathUtils.h">
      <Filter>Header Files</Filter>
    </ClInclude>
    <ClInclude Include="..\..\..\..\src\ParticleSystemGeode.h">
      <Filter>Header Files\Scene Graph</Filter>
    </ClInclude>
    <ClInclude Include="..\..\..\..\src\UIUtils.h">
      <Filter>Header Files</Filter>
    </ClInclude>
    <ClInclude Include="..\..\..\..\..\common\lasertower.h">
      <Filter>Header Files\Game Objects</Filter>
    </ClInclude>
    <ClInclude Include="..\..\..\..\..\common\superminion.h">
      <Filter>Header Files\Game Objects</Filter>
    </ClInclude>
    <ClInclude Include="..\..\..\..\..\common\ObjectDetection.h">
      <Filter>Header Files\Server Files</Filter>
    </ClInclude>
    <ClInclude Include="..\..\..\..\..\server\SceneManager_Server.h">
      <Filter>Header Files\Server Files</Filter>
    </ClInclude>
    <ClInclude Include="..\..\..\..\..\common\pathNode.h">
      <Filter>Header Files\Server Files</Filter>
    </ClInclude>
    <ClInclude Include="..\..\..\..\..\common\buildNode.h">
      <Filter>Header Files\Server Files</Filter>
    </ClInclude>
    <ClInclude Include="..\..\..\..\..\common\wallNode.h">
      <Filter>Header Files\Server Files</Filter>
    </ClInclude>
    <ClInclude Include="..\..\..\..\src\TimedTransform.h">
      <Filter>Header Files\Scene Graph</Filter>
    </ClInclude>
    <ClInclude Include="..\..\..\..\..\common\lasertower_client.h">
      <Filter>Header Files\Game Objects</Filter>
    </ClInclude>
    <ClInclude Include="..\..\..\..\..\common\minion_client.h">
      <Filter>Header Files\Game Objects</Filter>
    </ClInclude>
    <ClInclude Include="..\..\..\..\..\common\player_client.h">
      <Filter>Header Files\Game Objects</Filter>
    </ClInclude>
    <ClInclude Include="..\..\..\..\src\AudioManager.h">
      <Filter>Header Files</Filter>
    </ClInclude>
    <ClInclude Include="..\..\..\Common_3\ThirdParty\OpenSource\soloud20181119\src\audiosource\speech\tts.h">
      <Filter>Header Files\Audio</Filter>
    </ClInclude>
    <ClInclude Include="..\..\..\Common_3\ThirdParty\OpenSource\soloud20181119\src\audiosource\speech\darray.h">
      <Filter>Header Files\Audio</Filter>
    </ClInclude>
    <ClInclude Include="..\..\..\Common_3\ThirdParty\OpenSource\soloud20181119\src\audiosource\wav\dr_flac.h">
      <Filter>Header Files\Audio</Filter>
    </ClInclude>
    <ClInclude Include="..\..\..\Common_3\ThirdParty\OpenSource\soloud20181119\src\audiosource\wav\dr_mp3.h">
      <Filter>Header Files\Audio</Filter>
    </ClInclude>
    <ClInclude Include="..\..\..\Common_3\ThirdParty\OpenSource\soloud20181119\src\audiosource\wav\dr_wav.h">
      <Filter>Header Files\Audio</Filter>
    </ClInclude>
    <ClInclude Include="..\..\..\Common_3\ThirdParty\OpenSource\soloud20181119\src\audiosource\speech\klatt.h">
      <Filter>Header Files\Audio</Filter>
    </ClInclude>
    <ClInclude Include="..\..\..\Common_3\ThirdParty\OpenSource\soloud20181119\src\audiosource\speech\resonator.h">
      <Filter>Header Files\Audio</Filter>
    </ClInclude>
    <ClInclude Include="..\..\..\Common_3\ThirdParty\OpenSource\soloud20181119\src\audiosource\tedsid\sid.h">
      <Filter>Header Files\Audio</Filter>
    </ClInclude>
    <ClInclude Include="..\..\..\Common_3\ThirdParty\OpenSource\soloud20181119\include\soloud.h">
      <Filter>Header Files\Audio</Filter>
    </ClInclude>
    <ClInclude Include="..\..\..\Common_3\ThirdParty\OpenSource\soloud20181119\include\soloud_audiosource.h">
      <Filter>Header Files\Audio</Filter>
    </ClInclude>
    <ClInclude Include="..\..\..\Common_3\ThirdParty\OpenSource\soloud20181119\include\soloud_bassboostfilter.h">
      <Filter>Header Files\Audio</Filter>
    </ClInclude>
    <ClInclude Include="..\..\..\Common_3\ThirdParty\OpenSource\soloud20181119\include\soloud_biquadresonantfilter.h">
      <Filter>Header Files\Audio</Filter>
    </ClInclude>
    <ClInclude Include="..\..\..\Common_3\ThirdParty\OpenSource\soloud20181119\include\soloud_bus.h">
      <Filter>Header Files\Audio</Filter>
    </ClInclude>
    <ClInclude Include="..\..\..\Common_3\ThirdParty\OpenSource\soloud20181119\include\soloud_dcremovalfilter.h">
      <Filter>Header Files\Audio</Filter>
    </ClInclude>
    <ClInclude Include="..\..\..\Common_3\ThirdParty\OpenSource\soloud20181119\include\soloud_echofilter.h">
      <Filter>Header Files\Audio</Filter>
    </ClInclude>
    <ClInclude Include="..\..\..\Common_3\ThirdParty\OpenSource\soloud20181119\include\soloud_error.h">
      <Filter>Header Files\Audio</Filter>
    </ClInclude>
    <ClInclude Include="..\..\..\Common_3\ThirdParty\OpenSource\soloud20181119\include\soloud_fader.h">
      <Filter>Header Files\Audio</Filter>
    </ClInclude>
    <ClInclude Include="..\..\..\Common_3\ThirdParty\OpenSource\soloud20181119\include\soloud_fft.h">
      <Filter>Header Files\Audio</Filter>
    </ClInclude>
    <ClInclude Include="..\..\..\Common_3\ThirdParty\OpenSource\soloud20181119\include\soloud_fftfilter.h">
      <Filter>Header Files\Audio</Filter>
    </ClInclude>
    <ClInclude Include="..\..\..\Common_3\ThirdParty\OpenSource\soloud20181119\include\soloud_file.h">
      <Filter>Header Files\Audio</Filter>
    </ClInclude>
    <ClInclude Include="..\..\..\Common_3\ThirdParty\OpenSource\soloud20181119\include\soloud_file_hack_off.h">
      <Filter>Header Files\Audio</Filter>
    </ClInclude>
    <ClInclude Include="..\..\..\Common_3\ThirdParty\OpenSource\soloud20181119\include\soloud_file_hack_on.h">
      <Filter>Header Files\Audio</Filter>
    </ClInclude>
    <ClInclude Include="..\..\..\Common_3\ThirdParty\OpenSource\soloud20181119\include\soloud_filter.h">
      <Filter>Header Files\Audio</Filter>
    </ClInclude>
    <ClInclude Include="..\..\..\Common_3\ThirdParty\OpenSource\soloud20181119\include\soloud_flangerfilter.h">
      <Filter>Header Files\Audio</Filter>
    </ClInclude>
    <ClInclude Include="..\..\..\Common_3\ThirdParty\OpenSource\soloud20181119\include\soloud_internal.h">
      <Filter>Header Files\Audio</Filter>
    </ClInclude>
    <ClInclude Include="..\..\..\Common_3\ThirdParty\OpenSource\soloud20181119\include\soloud_lofifilter.h">
      <Filter>Header Files\Audio</Filter>
    </ClInclude>
    <ClInclude Include="..\..\..\Common_3\ThirdParty\OpenSource\soloud20181119\include\soloud_monotone.h">
      <Filter>Header Files\Audio</Filter>
    </ClInclude>
    <ClInclude Include="..\..\..\Common_3\ThirdParty\OpenSource\soloud20181119\include\soloud_openmpt.h">
      <Filter>Header Files\Audio</Filter>
    </ClInclude>
    <ClInclude Include="..\..\..\Common_3\ThirdParty\OpenSource\soloud20181119\include\soloud_queue.h">
      <Filter>Header Files\Audio</Filter>
    </ClInclude>
    <ClInclude Include="..\..\..\Common_3\ThirdParty\OpenSource\soloud20181119\include\soloud_robotizefilter.h">
      <Filter>Header Files\Audio</Filter>
    </ClInclude>
    <ClInclude Include="..\..\..\Common_3\ThirdParty\OpenSource\soloud20181119\include\soloud_sfxr.h">
      <Filter>Header Files\Audio</Filter>
    </ClInclude>
    <ClInclude Include="..\..\..\Common_3\ThirdParty\OpenSource\soloud20181119\include\soloud_speech.h">
      <Filter>Header Files\Audio</Filter>
    </ClInclude>
    <ClInclude Include="..\..\..\Common_3\ThirdParty\OpenSource\soloud20181119\include\soloud_tedsid.h">
      <Filter>Header Files\Audio</Filter>
    </ClInclude>
    <ClInclude Include="..\..\..\Common_3\ThirdParty\OpenSource\soloud20181119\include\soloud_thread.h">
      <Filter>Header Files\Audio</Filter>
    </ClInclude>
    <ClInclude Include="..\..\..\Common_3\ThirdParty\OpenSource\soloud20181119\include\soloud_vic.h">
      <Filter>Header Files\Audio</Filter>
    </ClInclude>
    <ClInclude Include="..\..\..\Common_3\ThirdParty\OpenSource\soloud20181119\include\soloud_vizsn.h">
      <Filter>Header Files\Audio</Filter>
    </ClInclude>
    <ClInclude Include="..\..\..\Common_3\ThirdParty\OpenSource\soloud20181119\include\soloud_wav.h">
      <Filter>Header Files\Audio</Filter>
    </ClInclude>
    <ClInclude Include="..\..\..\Common_3\ThirdParty\OpenSource\soloud20181119\include\soloud_waveshaperfilter.h">
      <Filter>Header Files\Audio</Filter>
    </ClInclude>
    <ClInclude Include="..\..\..\Common_3\ThirdParty\OpenSource\soloud20181119\include\soloud_wavstream.h">
      <Filter>Header Files\Audio</Filter>
    </ClInclude>
    <ClInclude Include="..\..\..\Common_3\ThirdParty\OpenSource\soloud20181119\src\audiosource\wav\stb_vorbis.h">
      <Filter>Header Files\Audio</Filter>
    </ClInclude>
    <ClInclude Include="..\..\..\Common_3\ThirdParty\OpenSource\soloud20181119\src\audiosource\tedsid\ted.h">
      <Filter>Header Files\Audio</Filter>
    </ClInclude>
  </ItemGroup>
</Project>