<?xml version="1.0" encoding="utf-8"?>
<Project ToolsVersion="4.0" xmlns="http://schemas.microsoft.com/developer/msbuild/2003">
  <ItemGroup>
    <Filter Include="Source Files">
      <UniqueIdentifier>{4FC737F1-C7A5-4376-A066-2A32D752A2FF}</UniqueIdentifier>
      <Extensions>cpp;c;cc;cxx;def;odl;idl;hpj;bat;asm;asmx</Extensions>
    </Filter>
    <Filter Include="Header Files">
      <UniqueIdentifier>{93995380-89BD-4b04-88EB-625FBE52EBFB}</UniqueIdentifier>
      <Extensions>h;hh;hpp;hxx;hm;inl;inc;xsd</Extensions>
    </Filter>
    <Filter Include="Resource Files">
      <UniqueIdentifier>{67DA6AB6-F800-4c08-8B7A-83BB121AAD01}</UniqueIdentifier>
      <Extensions>rc;ico;cur;bmp;dlg;rc2;rct;bin;rgs;gif;jpg;jpeg;jpe;resx;tiff;tif;png;wav</Extensions>
    </Filter>
    <Filter Include="Header Files\Game Objects">
      <UniqueIdentifier>{c2bd1750-a773-48ca-9d5b-e7855100d233}</UniqueIdentifier>
    </Filter>
    <Filter Include="Source Files\Game Objects">
      <UniqueIdentifier>{d810fad0-683c-4f5b-9eaa-8a40d4b9b15a}</UniqueIdentifier>
    </Filter>
    <Filter Include="Header Files\Map Nodes">
      <UniqueIdentifier>{97f4aae6-b2a0-42a4-b0ab-67393451a99c}</UniqueIdentifier>
    </Filter>
    <Filter Include="Source Files\Map Nodes">
      <UniqueIdentifier>{b2b728de-931d-47d8-93a6-9890e16c3e18}</UniqueIdentifier>
    </Filter>
  </ItemGroup>
  <ItemGroup>
    <ClCompile Include="Server.cpp">
      <Filter>Source Files</Filter>
    </ClCompile>
    <ClCompile Include="server_main.cpp">
      <Filter>Source Files</Filter>
    </ClCompile>
    <ClCompile Include="..\common\player.cpp">
      <Filter>Source Files\Game Objects</Filter>
    </ClCompile>
    <ClCompile Include="..\common\GameObject.cpp">
      <Filter>Source Files\Game Objects</Filter>
    </ClCompile>
    <ClCompile Include="SceneManager_Server.cpp">
      <Filter>Source Files\Game Objects</Filter>
    </ClCompile>
    <ClCompile Include="..\common\base.cpp">
      <Filter>Source Files\Game Objects</Filter>
    </ClCompile>
    <ClCompile Include="..\common\minion.cpp">
      <Filter>Source Files\Game Objects</Filter>
    </ClCompile>
    <ClCompile Include="..\common\team.cpp">
      <Filter>Source Files\Game Objects</Filter>
    </ClCompile>
    <ClCompile Include="..\common\tower.cpp">
      <Filter>Source Files\Game Objects</Filter>
    </ClCompile>
    <ClCompile Include="..\common\ObjectDetection.cpp">
      <Filter>Source Files</Filter>
    </ClCompile>
    <ClCompile Include="..\common\clawtower.cpp">
      <Filter>Source Files\Game Objects</Filter>
    </ClCompile>
    <ClCompile Include="..\common\resource.cpp">
      <Filter>Source Files\Game Objects</Filter>
    </ClCompile>
    <ClCompile Include="..\common\lasertower.cpp">
      <Filter>Source Files\Game Objects</Filter>
    </ClCompile>
    <ClCompile Include="..\common\superminion.cpp">
      <Filter>Source Files\Game Objects</Filter>
    </ClCompile>
    <ClCompile Include="..\common\BuildNode.cpp">
      <Filter>Source Files\Map Nodes</Filter>
    </ClCompile>
    <ClCompile Include="..\common\PathNode.cpp">
      <Filter>Source Files\Map Nodes</Filter>
    </ClCompile>
    <ClCompile Include="..\common\WallNode.cpp">
      <Filter>Source Files\Map Nodes</Filter>
    </ClCompile>
    <ClCompile Include="..\common\MathUtils.cpp">
      <Filter>Source Files</Filter>
    </ClCompile>
  </ItemGroup>
  <ItemGroup>
    <ClInclude Include="Server.h">
      <Filter>Header Files</Filter>
    </ClInclude>
    <ClInclude Include="..\common\macros.h">
      <Filter>Header Files</Filter>
    </ClInclude>
    <ClInclude Include="..\common\base.h">
      <Filter>Header Files\Game Objects</Filter>
    </ClInclude>
    <ClInclude Include="..\common\player.h">
      <Filter>Header Files\Game Objects</Filter>
    </ClInclude>
    <ClInclude Include="..\common\team.h">
      <Filter>Header Files\Game Objects</Filter>
    </ClInclude>
    <ClInclude Include="..\common\tower.h">
      <Filter>Header Files\Game Objects</Filter>
    </ClInclude>
    <ClInclude Include="..\common\entity.h">
      <Filter>Header Files\Game Objects</Filter>
    </ClInclude>
    <ClInclude Include="..\common\client2server.h">
      <Filter>Header Files</Filter>
    </ClInclude>
    <ClInclude Include="..\common\GameObject.h">
      <Filter>Header Files\Game Objects</Filter>
    </ClInclude>
    <ClInclude Include="SceneManager_Server.h">
      <Filter>Header Files\Game Objects</Filter>
    </ClInclude>
    <ClInclude Include="..\common\minion.h">
      <Filter>Header Files\Game Objects</Filter>
    </ClInclude>
    <ClInclude Include="..\common\ObjectDetection.h">
      <Filter>Header Files</Filter>
    </ClInclude>
    <ClInclude Include="..\common\clawtower.h">
      <Filter>Header Files\Game Objects</Filter>
    </ClInclude>
    <ClInclude Include="..\common\resource.h">
      <Filter>Header Files\Game Objects</Filter>
    </ClInclude>
    <ClInclude Include="..\common\lasertower.h">
      <Filter>Header Files\Game Objects</Filter>
    </ClInclude>
    <ClInclude Include="..\common\superminion.h">
      <Filter>Header Files\Game Objects</Filter>
    </ClInclude>
    <ClInclude Include="..\common\BuildNode.h">
      <Filter>Header Files\Map Nodes</Filter>
    </ClInclude>
    <ClInclude Include="..\common\player_client.h">
      <Filter>Header Files\Map Nodes</Filter>
    </ClInclude>
    <ClInclude Include="..\common\WallNode.h">
      <Filter>Header Files\Map Nodes</Filter>
    </ClInclude>
    <ClInclude Include="..\common\MathUtils.h">
      <Filter>Header Files</Filter>
    </ClInclude>
  </ItemGroup>
</Project>